// !$*UTF8*$!
{
	archiveVersion = 1;
	classes = {
	};
	objectVersion = 46;
	objects = {

/* Begin PBXBuildFile section */
		FE0D6DD819766A7500B29D8E /* Espacio.m in Sources */ = {isa = PBXBuildFile; fileRef = FE0D6DD719766A7500B29D8E /* Espacio.m */; };
		FE0D6DDB19766A7500B29D8E /* Evento.m in Sources */ = {isa = PBXBuildFile; fileRef = FE0D6DDA19766A7500B29D8E /* Evento.m */; };
		FE0D6DE4197681BA00B29D8E /* EventosViewController.m in Sources */ = {isa = PBXBuildFile; fileRef = FE0D6DE3197681BA00B29D8E /* EventosViewController.m */; };
		FE19B4BB1979505F00D40808 /* searchicon.png in Resources */ = {isa = PBXBuildFile; fileRef = FE19B4BA1979505F00D40808 /* searchicon.png */; };
		FE1F73501977E01900D9EE5D /* addData.m in Sources */ = {isa = PBXBuildFile; fileRef = FE1F734F1977E01900D9EE5D /* addData.m */; };
		FE1F735819780C1E00D9EE5D /* Defaul-568@2x.png.jpg in Resources */ = {isa = PBXBuildFile; fileRef = FE1F735719780C1E00D9EE5D /* Defaul-568@2x.png.jpg */; };
		FE3D1E181973C21400973719 /* VentanaTableViewCell.m in Sources */ = {isa = PBXBuildFile; fileRef = FE3D1E171973C21400973719 /* VentanaTableViewCell.m */; };
		FE3D1E1B1973C51800973719 /* DetalleViewController.m in Sources */ = {isa = PBXBuildFile; fileRef = FE3D1E1A1973C51800973719 /* DetalleViewController.m */; };
		FE3D1E1D1973CEE300973719 /* sad13.jpg in Resources */ = {isa = PBXBuildFile; fileRef = FE3D1E1C1973CEE300973719 /* sad13.jpg */; };
		FE3D1E441973E0A500973719 /* AFHTTPRequestOperation.m in Sources */ = {isa = PBXBuildFile; fileRef = FE3D1E201973E0A500973719 /* AFHTTPRequestOperation.m */; };
		FE3D1E451973E0A500973719 /* AFHTTPRequestOperationManager.m in Sources */ = {isa = PBXBuildFile; fileRef = FE3D1E221973E0A500973719 /* AFHTTPRequestOperationManager.m */; };
		FE3D1E461973E0A500973719 /* AFHTTPSessionManager.m in Sources */ = {isa = PBXBuildFile; fileRef = FE3D1E241973E0A500973719 /* AFHTTPSessionManager.m */; };
		FE3D1E471973E0A500973719 /* AFNetworkReachabilityManager.m in Sources */ = {isa = PBXBuildFile; fileRef = FE3D1E271973E0A500973719 /* AFNetworkReachabilityManager.m */; };
		FE3D1E481973E0A500973719 /* AFSecurityPolicy.m in Sources */ = {isa = PBXBuildFile; fileRef = FE3D1E291973E0A500973719 /* AFSecurityPolicy.m */; };
		FE3D1E491973E0A500973719 /* AFURLConnectionOperation.m in Sources */ = {isa = PBXBuildFile; fileRef = FE3D1E2B1973E0A500973719 /* AFURLConnectionOperation.m */; };
		FE3D1E4A1973E0A500973719 /* AFURLRequestSerialization.m in Sources */ = {isa = PBXBuildFile; fileRef = FE3D1E2D1973E0A500973719 /* AFURLRequestSerialization.m */; };
		FE3D1E4B1973E0A500973719 /* AFURLResponseSerialization.m in Sources */ = {isa = PBXBuildFile; fileRef = FE3D1E2F1973E0A500973719 /* AFURLResponseSerialization.m */; };
		FE3D1E4C1973E0A500973719 /* AFURLSessionManager.m in Sources */ = {isa = PBXBuildFile; fileRef = FE3D1E311973E0A500973719 /* AFURLSessionManager.m */; };
		FE3D1E4D1973E0A500973719 /* AFNetworkActivityIndicatorManager.m in Sources */ = {isa = PBXBuildFile; fileRef = FE3D1E341973E0A500973719 /* AFNetworkActivityIndicatorManager.m */; };
		FE3D1E4E1973E0A500973719 /* UIActivityIndicatorView+AFNetworking.m in Sources */ = {isa = PBXBuildFile; fileRef = FE3D1E361973E0A500973719 /* UIActivityIndicatorView+AFNetworking.m */; };
		FE3D1E4F1973E0A500973719 /* UIAlertView+AFNetworking.m in Sources */ = {isa = PBXBuildFile; fileRef = FE3D1E381973E0A500973719 /* UIAlertView+AFNetworking.m */; };
		FE3D1E501973E0A500973719 /* UIButton+AFNetworking.m in Sources */ = {isa = PBXBuildFile; fileRef = FE3D1E3A1973E0A500973719 /* UIButton+AFNetworking.m */; };
		FE3D1E511973E0A500973719 /* UIImageView+AFNetworking.m in Sources */ = {isa = PBXBuildFile; fileRef = FE3D1E3C1973E0A500973719 /* UIImageView+AFNetworking.m */; };
		FE3D1E521973E0A500973719 /* UIProgressView+AFNetworking.m in Sources */ = {isa = PBXBuildFile; fileRef = FE3D1E3F1973E0A500973719 /* UIProgressView+AFNetworking.m */; };
		FE3D1E531973E0A500973719 /* UIRefreshControl+AFNetworking.m in Sources */ = {isa = PBXBuildFile; fileRef = FE3D1E411973E0A500973719 /* UIRefreshControl+AFNetworking.m */; };
		FE3D1E541973E0A500973719 /* UIWebView+AFNetworking.m in Sources */ = {isa = PBXBuildFile; fileRef = FE3D1E431973E0A500973719 /* UIWebView+AFNetworking.m */; };
		FE6509BE19757DF600474A23 /* events-icon.png in Resources */ = {isa = PBXBuildFile; fileRef = FE6509BC19757DF600474A23 /* events-icon.png */; };
		FE6509BF19757DF600474A23 /* 618311-Bank-512.png in Resources */ = {isa = PBXBuildFile; fileRef = FE6509BD19757DF600474A23 /* 618311-Bank-512.png */; };
		FE6509C119757EB600474A23 /* fondo.JPG in Resources */ = {isa = PBXBuildFile; fileRef = FE6509C019757EB600474A23 /* fondo.JPG */; };
		FE650A081975857A00474A23 /* Espacio+Model.m in Sources */ = {isa = PBXBuildFile; fileRef = FE650A071975857A00474A23 /* Espacio+Model.m */; };
		FE7397A31973FA710072BC7F /* CoreDataStack.m in Sources */ = {isa = PBXBuildFile; fileRef = FE7397A21973FA710072BC7F /* CoreDataStack.m */; };
		FEAF5E3A1975353A00988526 /* intro.png in Resources */ = {isa = PBXBuildFile; fileRef = FEAF5E391975353A00988526 /* intro.png */; };
		FEAF5E3E197536C500988526 /* iconoFirst.png in Resources */ = {isa = PBXBuildFile; fileRef = FEAF5E3D197536C500988526 /* iconoFirst.png */; };
		FEBE1B99196FD85F0036948F /* Foundation.framework in Frameworks */ = {isa = PBXBuildFile; fileRef = FEBE1B98196FD85F0036948F /* Foundation.framework */; };
		FEBE1B9B196FD85F0036948F /* CoreGraphics.framework in Frameworks */ = {isa = PBXBuildFile; fileRef = FEBE1B9A196FD85F0036948F /* CoreGraphics.framework */; };
		FEBE1B9D196FD85F0036948F /* UIKit.framework in Frameworks */ = {isa = PBXBuildFile; fileRef = FEBE1B9C196FD85F0036948F /* UIKit.framework */; };
		FEBE1BA3196FD85F0036948F /* InfoPlist.strings in Resources */ = {isa = PBXBuildFile; fileRef = FEBE1BA1196FD85F0036948F /* InfoPlist.strings */; };
		FEBE1BA5196FD85F0036948F /* main.m in Sources */ = {isa = PBXBuildFile; fileRef = FEBE1BA4196FD85F0036948F /* main.m */; };
		FEBE1BA9196FD85F0036948F /* AppDelegate.m in Sources */ = {isa = PBXBuildFile; fileRef = FEBE1BA8196FD85F0036948F /* AppDelegate.m */; };
		FEBE1BAC196FD85F0036948F /* Main.storyboard in Resources */ = {isa = PBXBuildFile; fileRef = FEBE1BAA196FD85F0036948F /* Main.storyboard */; };
		FEBE1BB4196FD85F0036948F /* Images.xcassets in Resources */ = {isa = PBXBuildFile; fileRef = FEBE1BB3196FD85F0036948F /* Images.xcassets */; };
		FEBE1BBB196FD85F0036948F /* XCTest.framework in Frameworks */ = {isa = PBXBuildFile; fileRef = FEBE1BBA196FD85F0036948F /* XCTest.framework */; };
		FEBE1BBC196FD85F0036948F /* Foundation.framework in Frameworks */ = {isa = PBXBuildFile; fileRef = FEBE1B98196FD85F0036948F /* Foundation.framework */; };
		FEBE1BBD196FD85F0036948F /* UIKit.framework in Frameworks */ = {isa = PBXBuildFile; fileRef = FEBE1B9C196FD85F0036948F /* UIKit.framework */; };
		FEBE1BC5196FD85F0036948F /* InfoPlist.strings in Resources */ = {isa = PBXBuildFile; fileRef = FEBE1BC3196FD85F0036948F /* InfoPlist.strings */; };
		FEBE1BC7196FD85F0036948F /* LaVentanaDelArteTests.m in Sources */ = {isa = PBXBuildFile; fileRef = FEBE1BC6196FD85F0036948F /* LaVentanaDelArteTests.m */; };
		FEBE1BD5196FF1870036948F /* EspaciosTableViewController.m in Sources */ = {isa = PBXBuildFile; fileRef = FEBE1BD4196FF1870036948F /* EspaciosTableViewController.m */; };
		FEBE1BD8196FF9900036948F /* Modelo.xcdatamodeld in Sources */ = {isa = PBXBuildFile; fileRef = FEBE1BD6196FF9900036948F /* Modelo.xcdatamodeld */; };
/* End PBXBuildFile section */

/* Begin PBXContainerItemProxy section */
		FEBE1BBE196FD85F0036948F /* PBXContainerItemProxy */ = {
			isa = PBXContainerItemProxy;
			containerPortal = FEBE1B8D196FD85F0036948F /* Project object */;
			proxyType = 1;
			remoteGlobalIDString = FEBE1B94196FD85F0036948F;
			remoteInfo = LaVentanaDelArte;
		};
/* End PBXContainerItemProxy section */

/* Begin PBXFileReference section */
		FE0D6DD619766A7500B29D8E /* Espacio.h */ = {isa = PBXFileReference; fileEncoding = 4; lastKnownFileType = sourcecode.c.h; path = Espacio.h; sourceTree = "<group>"; };
		FE0D6DD719766A7500B29D8E /* Espacio.m */ = {isa = PBXFileReference; fileEncoding = 4; lastKnownFileType = sourcecode.c.objc; path = Espacio.m; sourceTree = "<group>"; };
		FE0D6DD919766A7500B29D8E /* Evento.h */ = {isa = PBXFileReference; fileEncoding = 4; lastKnownFileType = sourcecode.c.h; path = Evento.h; sourceTree = "<group>"; };
		FE0D6DDA19766A7500B29D8E /* Evento.m */ = {isa = PBXFileReference; fileEncoding = 4; lastKnownFileType = sourcecode.c.objc; path = Evento.m; sourceTree = "<group>"; };
		FE0D6DE2197681BA00B29D8E /* EventosViewController.h */ = {isa = PBXFileReference; fileEncoding = 4; lastKnownFileType = sourcecode.c.h; path = EventosViewController.h; sourceTree = "<group>"; };
		FE0D6DE3197681BA00B29D8E /* EventosViewController.m */ = {isa = PBXFileReference; fileEncoding = 4; lastKnownFileType = sourcecode.c.objc; path = EventosViewController.m; sourceTree = "<group>"; };
		FE19B4BA1979505F00D40808 /* searchicon.png */ = {isa = PBXFileReference; lastKnownFileType = image.png; name = searchicon.png; path = Images.xcassets/searchicon.png; sourceTree = "<group>"; };
		FE1F734E1977E01900D9EE5D /* addData.h */ = {isa = PBXFileReference; fileEncoding = 4; lastKnownFileType = sourcecode.c.h; path = addData.h; sourceTree = "<group>"; };
		FE1F734F1977E01900D9EE5D /* addData.m */ = {isa = PBXFileReference; fileEncoding = 4; lastKnownFileType = sourcecode.c.objc; path = addData.m; sourceTree = "<group>"; };
		FE1F735719780C1E00D9EE5D /* Defaul-568@2x.png.jpg */ = {isa = PBXFileReference; lastKnownFileType = image.jpeg; name = "Defaul-568@2x.png.jpg"; path = "Images.xcassets/LaunchImage.launchimage/Defaul-568@2x.png.jpg"; sourceTree = "<group>"; };
		FE3D1E161973C21400973719 /* VentanaTableViewCell.h */ = {isa = PBXFileReference; fileEncoding = 4; lastKnownFileType = sourcecode.c.h; path = VentanaTableViewCell.h; sourceTree = "<group>"; };
		FE3D1E171973C21400973719 /* VentanaTableViewCell.m */ = {isa = PBXFileReference; fileEncoding = 4; lastKnownFileType = sourcecode.c.objc; path = VentanaTableViewCell.m; sourceTree = "<group>"; };
		FE3D1E191973C51800973719 /* DetalleViewController.h */ = {isa = PBXFileReference; fileEncoding = 4; lastKnownFileType = sourcecode.c.h; path = DetalleViewController.h; sourceTree = "<group>"; };
		FE3D1E1A1973C51800973719 /* DetalleViewController.m */ = {isa = PBXFileReference; fileEncoding = 4; lastKnownFileType = sourcecode.c.objc; path = DetalleViewController.m; sourceTree = "<group>"; };
		FE3D1E1C1973CEE300973719 /* sad13.jpg */ = {isa = PBXFileReference; lastKnownFileType = image.jpeg; path = sad13.jpg; sourceTree = "<group>"; };
		FE3D1E1F1973E0A500973719 /* AFHTTPRequestOperation.h */ = {isa = PBXFileReference; fileEncoding = 4; lastKnownFileType = sourcecode.c.h; path = AFHTTPRequestOperation.h; sourceTree = "<group>"; };
		FE3D1E201973E0A500973719 /* AFHTTPRequestOperation.m */ = {isa = PBXFileReference; fileEncoding = 4; lastKnownFileType = sourcecode.c.objc; path = AFHTTPRequestOperation.m; sourceTree = "<group>"; };
		FE3D1E211973E0A500973719 /* AFHTTPRequestOperationManager.h */ = {isa = PBXFileReference; fileEncoding = 4; lastKnownFileType = sourcecode.c.h; path = AFHTTPRequestOperationManager.h; sourceTree = "<group>"; };
		FE3D1E221973E0A500973719 /* AFHTTPRequestOperationManager.m */ = {isa = PBXFileReference; fileEncoding = 4; lastKnownFileType = sourcecode.c.objc; path = AFHTTPRequestOperationManager.m; sourceTree = "<group>"; };
		FE3D1E231973E0A500973719 /* AFHTTPSessionManager.h */ = {isa = PBXFileReference; fileEncoding = 4; lastKnownFileType = sourcecode.c.h; path = AFHTTPSessionManager.h; sourceTree = "<group>"; };
		FE3D1E241973E0A500973719 /* AFHTTPSessionManager.m */ = {isa = PBXFileReference; fileEncoding = 4; lastKnownFileType = sourcecode.c.objc; path = AFHTTPSessionManager.m; sourceTree = "<group>"; };
		FE3D1E251973E0A500973719 /* AFNetworking.h */ = {isa = PBXFileReference; fileEncoding = 4; lastKnownFileType = sourcecode.c.h; path = AFNetworking.h; sourceTree = "<group>"; };
		FE3D1E261973E0A500973719 /* AFNetworkReachabilityManager.h */ = {isa = PBXFileReference; fileEncoding = 4; lastKnownFileType = sourcecode.c.h; path = AFNetworkReachabilityManager.h; sourceTree = "<group>"; };
		FE3D1E271973E0A500973719 /* AFNetworkReachabilityManager.m */ = {isa = PBXFileReference; fileEncoding = 4; lastKnownFileType = sourcecode.c.objc; path = AFNetworkReachabilityManager.m; sourceTree = "<group>"; };
		FE3D1E281973E0A500973719 /* AFSecurityPolicy.h */ = {isa = PBXFileReference; fileEncoding = 4; lastKnownFileType = sourcecode.c.h; path = AFSecurityPolicy.h; sourceTree = "<group>"; };
		FE3D1E291973E0A500973719 /* AFSecurityPolicy.m */ = {isa = PBXFileReference; fileEncoding = 4; lastKnownFileType = sourcecode.c.objc; path = AFSecurityPolicy.m; sourceTree = "<group>"; };
		FE3D1E2A1973E0A500973719 /* AFURLConnectionOperation.h */ = {isa = PBXFileReference; fileEncoding = 4; lastKnownFileType = sourcecode.c.h; path = AFURLConnectionOperation.h; sourceTree = "<group>"; };
		FE3D1E2B1973E0A500973719 /* AFURLConnectionOperation.m */ = {isa = PBXFileReference; fileEncoding = 4; lastKnownFileType = sourcecode.c.objc; path = AFURLConnectionOperation.m; sourceTree = "<group>"; };
		FE3D1E2C1973E0A500973719 /* AFURLRequestSerialization.h */ = {isa = PBXFileReference; fileEncoding = 4; lastKnownFileType = sourcecode.c.h; path = AFURLRequestSerialization.h; sourceTree = "<group>"; };
		FE3D1E2D1973E0A500973719 /* AFURLRequestSerialization.m */ = {isa = PBXFileReference; fileEncoding = 4; lastKnownFileType = sourcecode.c.objc; path = AFURLRequestSerialization.m; sourceTree = "<group>"; };
		FE3D1E2E1973E0A500973719 /* AFURLResponseSerialization.h */ = {isa = PBXFileReference; fileEncoding = 4; lastKnownFileType = sourcecode.c.h; path = AFURLResponseSerialization.h; sourceTree = "<group>"; };
		FE3D1E2F1973E0A500973719 /* AFURLResponseSerialization.m */ = {isa = PBXFileReference; fileEncoding = 4; lastKnownFileType = sourcecode.c.objc; path = AFURLResponseSerialization.m; sourceTree = "<group>"; };
		FE3D1E301973E0A500973719 /* AFURLSessionManager.h */ = {isa = PBXFileReference; fileEncoding = 4; lastKnownFileType = sourcecode.c.h; path = AFURLSessionManager.h; sourceTree = "<group>"; };
		FE3D1E311973E0A500973719 /* AFURLSessionManager.m */ = {isa = PBXFileReference; fileEncoding = 4; lastKnownFileType = sourcecode.c.objc; path = AFURLSessionManager.m; sourceTree = "<group>"; };
		FE3D1E331973E0A500973719 /* AFNetworkActivityIndicatorManager.h */ = {isa = PBXFileReference; fileEncoding = 4; lastKnownFileType = sourcecode.c.h; path = AFNetworkActivityIndicatorManager.h; sourceTree = "<group>"; };
		FE3D1E341973E0A500973719 /* AFNetworkActivityIndicatorManager.m */ = {isa = PBXFileReference; fileEncoding = 4; lastKnownFileType = sourcecode.c.objc; path = AFNetworkActivityIndicatorManager.m; sourceTree = "<group>"; };
		FE3D1E351973E0A500973719 /* UIActivityIndicatorView+AFNetworking.h */ = {isa = PBXFileReference; fileEncoding = 4; lastKnownFileType = sourcecode.c.h; path = "UIActivityIndicatorView+AFNetworking.h"; sourceTree = "<group>"; };
		FE3D1E361973E0A500973719 /* UIActivityIndicatorView+AFNetworking.m */ = {isa = PBXFileReference; fileEncoding = 4; lastKnownFileType = sourcecode.c.objc; path = "UIActivityIndicatorView+AFNetworking.m"; sourceTree = "<group>"; };
		FE3D1E371973E0A500973719 /* UIAlertView+AFNetworking.h */ = {isa = PBXFileReference; fileEncoding = 4; lastKnownFileType = sourcecode.c.h; path = "UIAlertView+AFNetworking.h"; sourceTree = "<group>"; };
		FE3D1E381973E0A500973719 /* UIAlertView+AFNetworking.m */ = {isa = PBXFileReference; fileEncoding = 4; lastKnownFileType = sourcecode.c.objc; path = "UIAlertView+AFNetworking.m"; sourceTree = "<group>"; };
		FE3D1E391973E0A500973719 /* UIButton+AFNetworking.h */ = {isa = PBXFileReference; fileEncoding = 4; lastKnownFileType = sourcecode.c.h; path = "UIButton+AFNetworking.h"; sourceTree = "<group>"; };
		FE3D1E3A1973E0A500973719 /* UIButton+AFNetworking.m */ = {isa = PBXFileReference; fileEncoding = 4; lastKnownFileType = sourcecode.c.objc; path = "UIButton+AFNetworking.m"; sourceTree = "<group>"; };
		FE3D1E3B1973E0A500973719 /* UIImageView+AFNetworking.h */ = {isa = PBXFileReference; fileEncoding = 4; lastKnownFileType = sourcecode.c.h; path = "UIImageView+AFNetworking.h"; sourceTree = "<group>"; };
		FE3D1E3C1973E0A500973719 /* UIImageView+AFNetworking.m */ = {isa = PBXFileReference; fileEncoding = 4; lastKnownFileType = sourcecode.c.objc; path = "UIImageView+AFNetworking.m"; sourceTree = "<group>"; };
		FE3D1E3D1973E0A500973719 /* UIKit+AFNetworking.h */ = {isa = PBXFileReference; fileEncoding = 4; lastKnownFileType = sourcecode.c.h; path = "UIKit+AFNetworking.h"; sourceTree = "<group>"; };
		FE3D1E3E1973E0A500973719 /* UIProgressView+AFNetworking.h */ = {isa = PBXFileReference; fileEncoding = 4; lastKnownFileType = sourcecode.c.h; path = "UIProgressView+AFNetworking.h"; sourceTree = "<group>"; };
		FE3D1E3F1973E0A500973719 /* UIProgressView+AFNetworking.m */ = {isa = PBXFileReference; fileEncoding = 4; lastKnownFileType = sourcecode.c.objc; path = "UIProgressView+AFNetworking.m"; sourceTree = "<group>"; };
		FE3D1E401973E0A500973719 /* UIRefreshControl+AFNetworking.h */ = {isa = PBXFileReference; fileEncoding = 4; lastKnownFileType = sourcecode.c.h; path = "UIRefreshControl+AFNetworking.h"; sourceTree = "<group>"; };
		FE3D1E411973E0A500973719 /* UIRefreshControl+AFNetworking.m */ = {isa = PBXFileReference; fileEncoding = 4; lastKnownFileType = sourcecode.c.objc; path = "UIRefreshControl+AFNetworking.m"; sourceTree = "<group>"; };
		FE3D1E421973E0A500973719 /* UIWebView+AFNetworking.h */ = {isa = PBXFileReference; fileEncoding = 4; lastKnownFileType = sourcecode.c.h; path = "UIWebView+AFNetworking.h"; sourceTree = "<group>"; };
		FE3D1E431973E0A500973719 /* UIWebView+AFNetworking.m */ = {isa = PBXFileReference; fileEncoding = 4; lastKnownFileType = sourcecode.c.objc; path = "UIWebView+AFNetworking.m"; sourceTree = "<group>"; };
		FE6509BC19757DF600474A23 /* events-icon.png */ = {isa = PBXFileReference; lastKnownFileType = image.png; path = "events-icon.png"; sourceTree = "<group>"; };
		FE6509BD19757DF600474A23 /* 618311-Bank-512.png */ = {isa = PBXFileReference; lastKnownFileType = image.png; path = "618311-Bank-512.png"; sourceTree = "<group>"; };
		FE6509C019757EB600474A23 /* fondo.JPG */ = {isa = PBXFileReference; lastKnownFileType = image.jpeg; path = fondo.JPG; sourceTree = "<group>"; };
		FE650A061975857A00474A23 /* Espacio+Model.h */ = {isa = PBXFileReference; fileEncoding = 4; lastKnownFileType = sourcecode.c.h; path = "Espacio+Model.h"; sourceTree = "<group>"; };
		FE650A071975857A00474A23 /* Espacio+Model.m */ = {isa = PBXFileReference; fileEncoding = 4; lastKnownFileType = sourcecode.c.objc; path = "Espacio+Model.m"; sourceTree = "<group>"; };
		FE7397A11973FA710072BC7F /* CoreDataStack.h */ = {isa = PBXFileReference; fileEncoding = 4; lastKnownFileType = sourcecode.c.h; path = CoreDataStack.h; sourceTree = "<group>"; };
		FE7397A21973FA710072BC7F /* CoreDataStack.m */ = {isa = PBXFileReference; fileEncoding = 4; lastKnownFileType = sourcecode.c.objc; path = CoreDataStack.m; sourceTree = "<group>"; };
		FEAF5E391975353A00988526 /* intro.png */ = {isa = PBXFileReference; lastKnownFileType = image.png; path = intro.png; sourceTree = "<group>"; };
		FEAF5E3D197536C500988526 /* iconoFirst.png */ = {isa = PBXFileReference; lastKnownFileType = image.png; path = iconoFirst.png; sourceTree = "<group>"; };
		FEBE1B95196FD85F0036948F /* LaVentanaDelArte.app */ = {isa = PBXFileReference; explicitFileType = wrapper.application; includeInIndex = 0; path = LaVentanaDelArte.app; sourceTree = BUILT_PRODUCTS_DIR; };
		FEBE1B98196FD85F0036948F /* Foundation.framework */ = {isa = PBXFileReference; lastKnownFileType = wrapper.framework; name = Foundation.framework; path = System/Library/Frameworks/Foundation.framework; sourceTree = SDKROOT; };
		FEBE1B9A196FD85F0036948F /* CoreGraphics.framework */ = {isa = PBXFileReference; lastKnownFileType = wrapper.framework; name = CoreGraphics.framework; path = System/Library/Frameworks/CoreGraphics.framework; sourceTree = SDKROOT; };
		FEBE1B9C196FD85F0036948F /* UIKit.framework */ = {isa = PBXFileReference; lastKnownFileType = wrapper.framework; name = UIKit.framework; path = System/Library/Frameworks/UIKit.framework; sourceTree = SDKROOT; };
		FEBE1BA0196FD85F0036948F /* LaVentanaDelArte-Info.plist */ = {isa = PBXFileReference; lastKnownFileType = text.plist.xml; path = "LaVentanaDelArte-Info.plist"; sourceTree = "<group>"; };
		FEBE1BA2196FD85F0036948F /* en */ = {isa = PBXFileReference; lastKnownFileType = text.plist.strings; name = en; path = en.lproj/InfoPlist.strings; sourceTree = "<group>"; };
		FEBE1BA4196FD85F0036948F /* main.m */ = {isa = PBXFileReference; lastKnownFileType = sourcecode.c.objc; path = main.m; sourceTree = "<group>"; };
		FEBE1BA6196FD85F0036948F /* LaVentanaDelArte-Prefix.pch */ = {isa = PBXFileReference; lastKnownFileType = sourcecode.c.h; path = "LaVentanaDelArte-Prefix.pch"; sourceTree = "<group>"; };
		FEBE1BA7196FD85F0036948F /* AppDelegate.h */ = {isa = PBXFileReference; lastKnownFileType = sourcecode.c.h; path = AppDelegate.h; sourceTree = "<group>"; };
		FEBE1BA8196FD85F0036948F /* AppDelegate.m */ = {isa = PBXFileReference; lastKnownFileType = sourcecode.c.objc; path = AppDelegate.m; sourceTree = "<group>"; };
		FEBE1BAB196FD85F0036948F /* Base */ = {isa = PBXFileReference; lastKnownFileType = file.storyboard; name = Base; path = Base.lproj/Main.storyboard; sourceTree = "<group>"; };
		FEBE1BB3196FD85F0036948F /* Images.xcassets */ = {isa = PBXFileReference; lastKnownFileType = folder.assetcatalog; path = Images.xcassets; sourceTree = "<group>"; };
		FEBE1BB9196FD85F0036948F /* LaVentanaDelArteTests.xctest */ = {isa = PBXFileReference; explicitFileType = wrapper.cfbundle; includeInIndex = 0; path = LaVentanaDelArteTests.xctest; sourceTree = BUILT_PRODUCTS_DIR; };
		FEBE1BBA196FD85F0036948F /* XCTest.framework */ = {isa = PBXFileReference; lastKnownFileType = wrapper.framework; name = XCTest.framework; path = Library/Frameworks/XCTest.framework; sourceTree = DEVELOPER_DIR; };
		FEBE1BC2196FD85F0036948F /* LaVentanaDelArteTests-Info.plist */ = {isa = PBXFileReference; lastKnownFileType = text.plist.xml; path = "LaVentanaDelArteTests-Info.plist"; sourceTree = "<group>"; };
		FEBE1BC4196FD85F0036948F /* en */ = {isa = PBXFileReference; lastKnownFileType = text.plist.strings; name = en; path = en.lproj/InfoPlist.strings; sourceTree = "<group>"; };
		FEBE1BC6196FD85F0036948F /* LaVentanaDelArteTests.m */ = {isa = PBXFileReference; lastKnownFileType = sourcecode.c.objc; path = LaVentanaDelArteTests.m; sourceTree = "<group>"; };
		FEBE1BD3196FF1870036948F /* EspaciosTableViewController.h */ = {isa = PBXFileReference; fileEncoding = 4; lastKnownFileType = sourcecode.c.h; path = EspaciosTableViewController.h; sourceTree = "<group>"; };
		FEBE1BD4196FF1870036948F /* EspaciosTableViewController.m */ = {isa = PBXFileReference; fileEncoding = 4; lastKnownFileType = sourcecode.c.objc; path = EspaciosTableViewController.m; sourceTree = "<group>"; };
		FEBE1BD7196FF9900036948F /* Modelo.xcdatamodel */ = {isa = PBXFileReference; lastKnownFileType = wrapper.xcdatamodel; path = Modelo.xcdatamodel; sourceTree = "<group>"; };
/* End PBXFileReference section */

/* Begin PBXFrameworksBuildPhase section */
		FEBE1B92196FD85F0036948F /* Frameworks */ = {
			isa = PBXFrameworksBuildPhase;
			buildActionMask = 2147483647;
			files = (
				FEBE1B9B196FD85F0036948F /* CoreGraphics.framework in Frameworks */,
				FEBE1B9D196FD85F0036948F /* UIKit.framework in Frameworks */,
				FEBE1B99196FD85F0036948F /* Foundation.framework in Frameworks */,
			);
			runOnlyForDeploymentPostprocessing = 0;
		};
		FEBE1BB6196FD85F0036948F /* Frameworks */ = {
			isa = PBXFrameworksBuildPhase;
			buildActionMask = 2147483647;
			files = (
				FEBE1BBB196FD85F0036948F /* XCTest.framework in Frameworks */,
				FEBE1BBD196FD85F0036948F /* UIKit.framework in Frameworks */,
				FEBE1BBC196FD85F0036948F /* Foundation.framework in Frameworks */,
			);
			runOnlyForDeploymentPostprocessing = 0;
		};
/* End PBXFrameworksBuildPhase section */

/* Begin PBXGroup section */
		FE2BD188197530A600F523AF /* artwork */ = {
			isa = PBXGroup;
			children = (
				FE19B4BA1979505F00D40808 /* searchicon.png */,
				FE1F735719780C1E00D9EE5D /* Defaul-568@2x.png.jpg */,
				FE6509C019757EB600474A23 /* fondo.JPG */,
				FE6509BC19757DF600474A23 /* events-icon.png */,
				FE6509BD19757DF600474A23 /* 618311-Bank-512.png */,
				FEAF5E3D197536C500988526 /* iconoFirst.png */,
				FEAF5E391975353A00988526 /* intro.png */,
				FE3D1E1C1973CEE300973719 /* sad13.jpg */,
			);
			name = artwork;
			sourceTree = "<group>";
		};
		FE3D1E1E1973E0A500973719 /* AFNetworking */ = {
			isa = PBXGroup;
			children = (
				FE3D1E1F1973E0A500973719 /* AFHTTPRequestOperation.h */,
				FE3D1E201973E0A500973719 /* AFHTTPRequestOperation.m */,
				FE3D1E211973E0A500973719 /* AFHTTPRequestOperationManager.h */,
				FE3D1E221973E0A500973719 /* AFHTTPRequestOperationManager.m */,
				FE3D1E231973E0A500973719 /* AFHTTPSessionManager.h */,
				FE3D1E241973E0A500973719 /* AFHTTPSessionManager.m */,
				FE3D1E251973E0A500973719 /* AFNetworking.h */,
				FE3D1E261973E0A500973719 /* AFNetworkReachabilityManager.h */,
				FE3D1E271973E0A500973719 /* AFNetworkReachabilityManager.m */,
				FE3D1E281973E0A500973719 /* AFSecurityPolicy.h */,
				FE3D1E291973E0A500973719 /* AFSecurityPolicy.m */,
				FE3D1E2A1973E0A500973719 /* AFURLConnectionOperation.h */,
				FE3D1E2B1973E0A500973719 /* AFURLConnectionOperation.m */,
				FE3D1E2C1973E0A500973719 /* AFURLRequestSerialization.h */,
				FE3D1E2D1973E0A500973719 /* AFURLRequestSerialization.m */,
				FE3D1E2E1973E0A500973719 /* AFURLResponseSerialization.h */,
				FE3D1E2F1973E0A500973719 /* AFURLResponseSerialization.m */,
				FE3D1E301973E0A500973719 /* AFURLSessionManager.h */,
				FE3D1E311973E0A500973719 /* AFURLSessionManager.m */,
			);
			path = AFNetworking;
			sourceTree = "<group>";
		};
		FE3D1E321973E0A500973719 /* UIKit+AFNetworking */ = {
			isa = PBXGroup;
			children = (
				FE3D1E331973E0A500973719 /* AFNetworkActivityIndicatorManager.h */,
				FE3D1E341973E0A500973719 /* AFNetworkActivityIndicatorManager.m */,
				FE3D1E351973E0A500973719 /* UIActivityIndicatorView+AFNetworking.h */,
				FE3D1E361973E0A500973719 /* UIActivityIndicatorView+AFNetworking.m */,
				FE3D1E371973E0A500973719 /* UIAlertView+AFNetworking.h */,
				FE3D1E381973E0A500973719 /* UIAlertView+AFNetworking.m */,
				FE3D1E391973E0A500973719 /* UIButton+AFNetworking.h */,
				FE3D1E3A1973E0A500973719 /* UIButton+AFNetworking.m */,
				FE3D1E3B1973E0A500973719 /* UIImageView+AFNetworking.h */,
				FE3D1E3C1973E0A500973719 /* UIImageView+AFNetworking.m */,
				FE3D1E3D1973E0A500973719 /* UIKit+AFNetworking.h */,
				FE3D1E3E1973E0A500973719 /* UIProgressView+AFNetworking.h */,
				FE3D1E3F1973E0A500973719 /* UIProgressView+AFNetworking.m */,
				FE3D1E401973E0A500973719 /* UIRefreshControl+AFNetworking.h */,
				FE3D1E411973E0A500973719 /* UIRefreshControl+AFNetworking.m */,
				FE3D1E421973E0A500973719 /* UIWebView+AFNetworking.h */,
				FE3D1E431973E0A500973719 /* UIWebView+AFNetworking.m */,
			);
			path = "UIKit+AFNetworking";
			sourceTree = "<group>";
		};
		FEBE1B8C196FD85F0036948F = {
			isa = PBXGroup;
			children = (
				FEBE1B9E196FD85F0036948F /* LaVentanaDelArte */,
				FEBE1BC0196FD85F0036948F /* LaVentanaDelArteTests */,
				FEBE1B97196FD85F0036948F /* Frameworks */,
				FEBE1B96196FD85F0036948F /* Products */,
			);
			sourceTree = "<group>";
		};
		FEBE1B96196FD85F0036948F /* Products */ = {
			isa = PBXGroup;
			children = (
				FEBE1B95196FD85F0036948F /* LaVentanaDelArte.app */,
				FEBE1BB9196FD85F0036948F /* LaVentanaDelArteTests.xctest */,
			);
			name = Products;
			sourceTree = "<group>";
		};
		FEBE1B97196FD85F0036948F /* Frameworks */ = {
			isa = PBXGroup;
			children = (
				FEBE1B98196FD85F0036948F /* Foundation.framework */,
				FEBE1B9A196FD85F0036948F /* CoreGraphics.framework */,
				FEBE1B9C196FD85F0036948F /* UIKit.framework */,
				FEBE1BBA196FD85F0036948F /* XCTest.framework */,
			);
			name = Frameworks;
			sourceTree = "<group>";
		};
		FEBE1B9E196FD85F0036948F /* LaVentanaDelArte */ = {
			isa = PBXGroup;
			children = (
				FE3D1E1E1973E0A500973719 /* AFNetworking */,
				FE3D1E321973E0A500973719 /* UIKit+AFNetworking */,
				FEBE1BDF196FFAA00036948F /* delegates */,
				FEBE1BDE196FFA560036948F /* controller */,
				FEBE1BDD196FFA500036948F /* model */,
				FEBE1BDC196FFA4B0036948F /* view */,
				FEBE1BB3196FD85F0036948F /* Images.xcassets */,
				FE2BD188197530A600F523AF /* artwork */,
				FEBE1B9F196FD85F0036948F /* Supporting Files */,
			);
			path = LaVentanaDelArte;
			sourceTree = "<group>";
		};
		FEBE1B9F196FD85F0036948F /* Supporting Files */ = {
			isa = PBXGroup;
			children = (
				FEBE1BA0196FD85F0036948F /* LaVentanaDelArte-Info.plist */,
				FEBE1BA1196FD85F0036948F /* InfoPlist.strings */,
				FEBE1BA4196FD85F0036948F /* main.m */,
				FEBE1BA6196FD85F0036948F /* LaVentanaDelArte-Prefix.pch */,
			);
			name = "Supporting Files";
			sourceTree = "<group>";
		};
		FEBE1BC0196FD85F0036948F /* LaVentanaDelArteTests */ = {
			isa = PBXGroup;
			children = (
				FEBE1BC6196FD85F0036948F /* LaVentanaDelArteTests.m */,
				FEBE1BC1196FD85F0036948F /* Supporting Files */,
			);
			path = LaVentanaDelArteTests;
			sourceTree = "<group>";
		};
		FEBE1BC1196FD85F0036948F /* Supporting Files */ = {
			isa = PBXGroup;
			children = (
				FEBE1BC2196FD85F0036948F /* LaVentanaDelArteTests-Info.plist */,
				FEBE1BC3196FD85F0036948F /* InfoPlist.strings */,
			);
			name = "Supporting Files";
			sourceTree = "<group>";
		};
		FEBE1BDC196FFA4B0036948F /* view */ = {
			isa = PBXGroup;
			children = (
				FEBE1BAA196FD85F0036948F /* Main.storyboard */,
			);
			name = view;
			sourceTree = "<group>";
		};
		FEBE1BDD196FFA500036948F /* model */ = {
			isa = PBXGroup;
			children = (
				FE7397A11973FA710072BC7F /* CoreDataStack.h */,
				FE7397A21973FA710072BC7F /* CoreDataStack.m */,
				FE650A061975857A00474A23 /* Espacio+Model.h */,
				FE650A071975857A00474A23 /* Espacio+Model.m */,
				FEBE1BD6196FF9900036948F /* Modelo.xcdatamodeld */,
				FE0D6DD619766A7500B29D8E /* Espacio.h */,
				FE0D6DD719766A7500B29D8E /* Espacio.m */,
				FE0D6DD919766A7500B29D8E /* Evento.h */,
				FE0D6DDA19766A7500B29D8E /* Evento.m */,
				FE1F734E1977E01900D9EE5D /* addData.h */,
				FE1F734F1977E01900D9EE5D /* addData.m */,
			);
			name = model;
			sourceTree = "<group>";
		};
		FEBE1BDE196FFA560036948F /* controller */ = {
			isa = PBXGroup;
			children = (
				FE3D1E191973C51800973719 /* DetalleViewController.h */,
				FE3D1E1A1973C51800973719 /* DetalleViewController.m */,
				FE3D1E161973C21400973719 /* VentanaTableViewCell.h */,
				FE3D1E171973C21400973719 /* VentanaTableViewCell.m */,
				FEBE1BD3196FF1870036948F /* EspaciosTableViewController.h */,
				FEBE1BD4196FF1870036948F /* EspaciosTableViewController.m */,
				FE0D6DE2197681BA00B29D8E /* EventosViewController.h */,
				FE0D6DE3197681BA00B29D8E /* EventosViewController.m */,
			);
			name = controller;
			sourceTree = "<group>";
		};
		FEBE1BDF196FFAA00036948F /* delegates */ = {
			isa = PBXGroup;
			children = (
				FEBE1BA7196FD85F0036948F /* AppDelegate.h */,
				FEBE1BA8196FD85F0036948F /* AppDelegate.m */,
			);
			name = delegates;
			sourceTree = "<group>";
		};
/* End PBXGroup section */

/* Begin PBXNativeTarget section */
		FEBE1B94196FD85F0036948F /* LaVentanaDelArte */ = {
			isa = PBXNativeTarget;
			buildConfigurationList = FEBE1BCA196FD85F0036948F /* Build configuration list for PBXNativeTarget "LaVentanaDelArte" */;
			buildPhases = (
				FEBE1B91196FD85F0036948F /* Sources */,
				FEBE1B92196FD85F0036948F /* Frameworks */,
				FEBE1B93196FD85F0036948F /* Resources */,
			);
			buildRules = (
			);
			dependencies = (
			);
			name = LaVentanaDelArte;
			productName = LaVentanaDelArte;
			productReference = FEBE1B95196FD85F0036948F /* LaVentanaDelArte.app */;
			productType = "com.apple.product-type.application";
		};
		FEBE1BB8196FD85F0036948F /* LaVentanaDelArteTests */ = {
			isa = PBXNativeTarget;
			buildConfigurationList = FEBE1BCD196FD85F0036948F /* Build configuration list for PBXNativeTarget "LaVentanaDelArteTests" */;
			buildPhases = (
				FEBE1BB5196FD85F0036948F /* Sources */,
				FEBE1BB6196FD85F0036948F /* Frameworks */,
				FEBE1BB7196FD85F0036948F /* Resources */,
			);
			buildRules = (
			);
			dependencies = (
				FEBE1BBF196FD85F0036948F /* PBXTargetDependency */,
			);
			name = LaVentanaDelArteTests;
			productName = LaVentanaDelArteTests;
			productReference = FEBE1BB9196FD85F0036948F /* LaVentanaDelArteTests.xctest */;
			productType = "com.apple.product-type.bundle.unit-test";
		};
/* End PBXNativeTarget section */

/* Begin PBXProject section */
		FEBE1B8D196FD85F0036948F /* Project object */ = {
			isa = PBXProject;
			attributes = {
				LastUpgradeCheck = 0510;
				ORGANIZATIONNAME = IronHack;
				TargetAttributes = {
					FEBE1BB8196FD85F0036948F = {
						TestTargetID = FEBE1B94196FD85F0036948F;
					};
				};
			};
			buildConfigurationList = FEBE1B90196FD85F0036948F /* Build configuration list for PBXProject "LaVentanaDelArte" */;
			compatibilityVersion = "Xcode 3.2";
			developmentRegion = English;
			hasScannedForEncodings = 0;
			knownRegions = (
				en,
				Base,
			);
			mainGroup = FEBE1B8C196FD85F0036948F;
			productRefGroup = FEBE1B96196FD85F0036948F /* Products */;
			projectDirPath = "";
			projectRoot = "";
			targets = (
				FEBE1B94196FD85F0036948F /* LaVentanaDelArte */,
				FEBE1BB8196FD85F0036948F /* LaVentanaDelArteTests */,
			);
		};
/* End PBXProject section */

/* Begin PBXResourcesBuildPhase section */
		FEBE1B93196FD85F0036948F /* Resources */ = {
			isa = PBXResourcesBuildPhase;
			buildActionMask = 2147483647;
			files = (
				FE19B4BB1979505F00D40808 /* searchicon.png in Resources */,
				FE6509BF19757DF600474A23 /* 618311-Bank-512.png in Resources */,
				FE3D1E1D1973CEE300973719 /* sad13.jpg in Resources */,
				FEBE1BB4196FD85F0036948F /* Images.xcassets in Resources */,
				FE6509C119757EB600474A23 /* fondo.JPG in Resources */,
				FE1F735819780C1E00D9EE5D /* Defaul-568@2x.png.jpg in Resources */,
				FEBE1BA3196FD85F0036948F /* InfoPlist.strings in Resources */,
				FEAF5E3E197536C500988526 /* iconoFirst.png in Resources */,
				FEBE1BAC196FD85F0036948F /* Main.storyboard in Resources */,
				FEAF5E3A1975353A00988526 /* intro.png in Resources */,
				FE6509BE19757DF600474A23 /* events-icon.png in Resources */,
			);
			runOnlyForDeploymentPostprocessing = 0;
		};
		FEBE1BB7196FD85F0036948F /* Resources */ = {
			isa = PBXResourcesBuildPhase;
			buildActionMask = 2147483647;
			files = (
				FEBE1BC5196FD85F0036948F /* InfoPlist.strings in Resources */,
			);
			runOnlyForDeploymentPostprocessing = 0;
		};
/* End PBXResourcesBuildPhase section */

/* Begin PBXSourcesBuildPhase section */
		FEBE1B91196FD85F0036948F /* Sources */ = {
			isa = PBXSourcesBuildPhase;
			buildActionMask = 2147483647;
			files = (
				FE650A081975857A00474A23 /* Espacio+Model.m in Sources */,
				FE0D6DE4197681BA00B29D8E /* EventosViewController.m in Sources */,
				FE3D1E481973E0A500973719 /* AFSecurityPolicy.m in Sources */,
				FEBE1BA9196FD85F0036948F /* AppDelegate.m in Sources */,
				FE3D1E471973E0A500973719 /* AFNetworkReachabilityManager.m in Sources */,
				FE3D1E181973C21400973719 /* VentanaTableViewCell.m in Sources */,
				FE3D1E4D1973E0A500973719 /* AFNetworkActivityIndicatorManager.m in Sources */,
				FE3D1E511973E0A500973719 /* UIImageView+AFNetworking.m in Sources */,
				FE7397A31973FA710072BC7F /* CoreDataStack.m in Sources */,
				FE3D1E491973E0A500973719 /* AFURLConnectionOperation.m in Sources */,
				FE3D1E4E1973E0A500973719 /* UIActivityIndicatorView+AFNetworking.m in Sources */,
				FE3D1E541973E0A500973719 /* UIWebView+AFNetworking.m in Sources */,
				FE3D1E441973E0A500973719 /* AFHTTPRequestOperation.m in Sources */,
				FE3D1E461973E0A500973719 /* AFHTTPSessionManager.m in Sources */,
				FE3D1E4F1973E0A500973719 /* UIAlertView+AFNetworking.m in Sources */,
				FE3D1E4A1973E0A500973719 /* AFURLRequestSerialization.m in Sources */,
				FE3D1E4C1973E0A500973719 /* AFURLSessionManager.m in Sources */,
				FE0D6DD819766A7500B29D8E /* Espacio.m in Sources */,
				FE3D1E1B1973C51800973719 /* DetalleViewController.m in Sources */,
				FE3D1E451973E0A500973719 /* AFHTTPRequestOperationManager.m in Sources */,
				FE3D1E521973E0A500973719 /* UIProgressView+AFNetworking.m in Sources */,
				FEBE1BA5196FD85F0036948F /* main.m in Sources */,
				FE3D1E501973E0A500973719 /* UIButton+AFNetworking.m in Sources */,
				FE1F73501977E01900D9EE5D /* addData.m in Sources */,
				FE3D1E4B1973E0A500973719 /* AFURLResponseSerialization.m in Sources */,
				FEBE1BD8196FF9900036948F /* Modelo.xcdatamodeld in Sources */,
				FE0D6DDB19766A7500B29D8E /* Evento.m in Sources */,
				FE3D1E531973E0A500973719 /* UIRefreshControl+AFNetworking.m in Sources */,
				FEBE1BD5196FF1870036948F /* EspaciosTableViewController.m in Sources */,
			);
			runOnlyForDeploymentPostprocessing = 0;
		};
		FEBE1BB5196FD85F0036948F /* Sources */ = {
			isa = PBXSourcesBuildPhase;
			buildActionMask = 2147483647;
			files = (
				FEBE1BC7196FD85F0036948F /* LaVentanaDelArteTests.m in Sources */,
			);
			runOnlyForDeploymentPostprocessing = 0;
		};
/* End PBXSourcesBuildPhase section */

/* Begin PBXTargetDependency section */
		FEBE1BBF196FD85F0036948F /* PBXTargetDependency */ = {
			isa = PBXTargetDependency;
			target = FEBE1B94196FD85F0036948F /* LaVentanaDelArte */;
			targetProxy = FEBE1BBE196FD85F0036948F /* PBXContainerItemProxy */;
		};
/* End PBXTargetDependency section */

/* Begin PBXVariantGroup section */
		FEBE1BA1196FD85F0036948F /* InfoPlist.strings */ = {
			isa = PBXVariantGroup;
			children = (
				FEBE1BA2196FD85F0036948F /* en */,
			);
			name = InfoPlist.strings;
			sourceTree = "<group>";
		};
		FEBE1BAA196FD85F0036948F /* Main.storyboard */ = {
			isa = PBXVariantGroup;
			children = (
				FEBE1BAB196FD85F0036948F /* Base */,
			);
			name = Main.storyboard;
			sourceTree = "<group>";
		};
		FEBE1BC3196FD85F0036948F /* InfoPlist.strings */ = {
			isa = PBXVariantGroup;
			children = (
				FEBE1BC4196FD85F0036948F /* en */,
			);
			name = InfoPlist.strings;
			sourceTree = "<group>";
		};
/* End PBXVariantGroup section */

/* Begin XCBuildConfiguration section */
		FEBE1BC8196FD85F0036948F /* Debug */ = {
			isa = XCBuildConfiguration;
			buildSettings = {
				ALWAYS_SEARCH_USER_PATHS = NO;
				CLANG_CXX_LANGUAGE_STANDARD = "gnu++0x";
				CLANG_CXX_LIBRARY = "libc++";
				CLANG_ENABLE_MODULES = YES;
				CLANG_ENABLE_OBJC_ARC = YES;
				CLANG_WARN_BOOL_CONVERSION = YES;
				CLANG_WARN_CONSTANT_CONVERSION = YES;
				CLANG_WARN_DIRECT_OBJC_ISA_USAGE = YES_ERROR;
				CLANG_WARN_EMPTY_BODY = YES;
				CLANG_WARN_ENUM_CONVERSION = YES;
				CLANG_WARN_INT_CONVERSION = YES;
				CLANG_WARN_OBJC_ROOT_CLASS = YES_ERROR;
				CLANG_WARN__DUPLICATE_METHOD_MATCH = YES;
				"CODE_SIGN_IDENTITY[sdk=iphoneos*]" = "iPhone Developer";
				COPY_PHASE_STRIP = NO;
				GCC_C_LANGUAGE_STANDARD = gnu99;
				GCC_DYNAMIC_NO_PIC = NO;
				GCC_OPTIMIZATION_LEVEL = 0;
				GCC_PREPROCESSOR_DEFINITIONS = (
					"DEBUG=1",
					"$(inherited)",
				);
				GCC_SYMBOLS_PRIVATE_EXTERN = NO;
				GCC_WARN_64_TO_32_BIT_CONVERSION = YES;
				GCC_WARN_ABOUT_RETURN_TYPE = YES_ERROR;
				GCC_WARN_UNDECLARED_SELECTOR = YES;
				GCC_WARN_UNINITIALIZED_AUTOS = YES_AGGRESSIVE;
				GCC_WARN_UNUSED_FUNCTION = YES;
				GCC_WARN_UNUSED_VARIABLE = YES;
				IPHONEOS_DEPLOYMENT_TARGET = 7.1;
				ONLY_ACTIVE_ARCH = YES;
				SDKROOT = iphoneos;
			};
			name = Debug;
		};
		FEBE1BC9196FD85F0036948F /* Release */ = {
			isa = XCBuildConfiguration;
			buildSettings = {
				ALWAYS_SEARCH_USER_PATHS = NO;
				CLANG_CXX_LANGUAGE_STANDARD = "gnu++0x";
				CLANG_CXX_LIBRARY = "libc++";
				CLANG_ENABLE_MODULES = YES;
				CLANG_ENABLE_OBJC_ARC = YES;
				CLANG_WARN_BOOL_CONVERSION = YES;
				CLANG_WARN_CONSTANT_CONVERSION = YES;
				CLANG_WARN_DIRECT_OBJC_ISA_USAGE = YES_ERROR;
				CLANG_WARN_EMPTY_BODY = YES;
				CLANG_WARN_ENUM_CONVERSION = YES;
				CLANG_WARN_INT_CONVERSION = YES;
				CLANG_WARN_OBJC_ROOT_CLASS = YES_ERROR;
				CLANG_WARN__DUPLICATE_METHOD_MATCH = YES;
				"CODE_SIGN_IDENTITY[sdk=iphoneos*]" = "iPhone Developer";
				COPY_PHASE_STRIP = YES;
				ENABLE_NS_ASSERTIONS = NO;
				GCC_C_LANGUAGE_STANDARD = gnu99;
				GCC_WARN_64_TO_32_BIT_CONVERSION = YES;
				GCC_WARN_ABOUT_RETURN_TYPE = YES_ERROR;
				GCC_WARN_UNDECLARED_SELECTOR = YES;
				GCC_WARN_UNINITIALIZED_AUTOS = YES_AGGRESSIVE;
				GCC_WARN_UNUSED_FUNCTION = YES;
				GCC_WARN_UNUSED_VARIABLE = YES;
				IPHONEOS_DEPLOYMENT_TARGET = 7.1;
				SDKROOT = iphoneos;
				VALIDATE_PRODUCT = YES;
			};
			name = Release;
		};
		FEBE1BCB196FD85F0036948F /* Debug */ = {
			isa = XCBuildConfiguration;
			buildSettings = {
				ASSETCATALOG_COMPILER_APPICON_NAME = AppIcon;
				ASSETCATALOG_COMPILER_LAUNCHIMAGE_NAME = LaunchImage;
				GCC_PRECOMPILE_PREFIX_HEADER = YES;
				GCC_PREFIX_HEADER = "LaVentanaDelArte/LaVentanaDelArte-Prefix.pch";
				INFOPLIST_FILE = "LaVentanaDelArte/LaVentanaDelArte-Info.plist";
				PRODUCT_NAME = "$(TARGET_NAME)";
				WRAPPER_EXTENSION = app;
			};
			name = Debug;
		};
		FEBE1BCC196FD85F0036948F /* Release */ = {
			isa = XCBuildConfiguration;
			buildSettings = {
				ASSETCATALOG_COMPILER_APPICON_NAME = AppIcon;
				ASSETCATALOG_COMPILER_LAUNCHIMAGE_NAME = LaunchImage;
				GCC_PRECOMPILE_PREFIX_HEADER = YES;
				GCC_PREFIX_HEADER = "LaVentanaDelArte/LaVentanaDelArte-Prefix.pch";
				INFOPLIST_FILE = "LaVentanaDelArte/LaVentanaDelArte-Info.plist";
				PRODUCT_NAME = "$(TARGET_NAME)";
				WRAPPER_EXTENSION = app;
			};
			name = Release;
		};
		FEBE1BCE196FD85F0036948F /* Debug */ = {
			isa = XCBuildConfiguration;
			buildSettings = {
				BUNDLE_LOADER = "$(BUILT_PRODUCTS_DIR)/LaVentanaDelArte.app/LaVentanaDelArte";
				FRAMEWORK_SEARCH_PATHS = (
					"$(SDKROOT)/Developer/Library/Frameworks",
					"$(inherited)",
					"$(DEVELOPER_FRAMEWORKS_DIR)",
				);
				GCC_PRECOMPILE_PREFIX_HEADER = YES;
				GCC_PREFIX_HEADER = "LaVentanaDelArte/LaVentanaDelArte-Prefix.pch";
				GCC_PREPROCESSOR_DEFINITIONS = (
					"DEBUG=1",
					"$(inherited)",
				);
				INFOPLIST_FILE = "LaVentanaDelArteTests/LaVentanaDelArteTests-Info.plist";
				PRODUCT_NAME = "$(TARGET_NAME)";
				TEST_HOST = "$(BUNDLE_LOADER)";
				WRAPPER_EXTENSION = xctest;
			};
			name = Debug;
		};
		FEBE1BCF196FD85F0036948F /* Release */ = {
			isa = XCBuildConfiguration;
			buildSettings = {
				BUNDLE_LOADER = "$(BUILT_PRODUCTS_DIR)/LaVentanaDelArte.app/LaVentanaDelArte";
				FRAMEWORK_SEARCH_PATHS = (
					"$(SDKROOT)/Developer/Library/Frameworks",
					"$(inherited)",
					"$(DEVELOPER_FRAMEWORKS_DIR)",
				);
				GCC_PRECOMPILE_PREFIX_HEADER = YES;
				GCC_PREFIX_HEADER = "LaVentanaDelArte/LaVentanaDelArte-Prefix.pch";
				INFOPLIST_FILE = "LaVentanaDelArteTests/LaVentanaDelArteTests-Info.plist";
				PRODUCT_NAME = "$(TARGET_NAME)";
				TEST_HOST = "$(BUNDLE_LOADER)";
				WRAPPER_EXTENSION = xctest;
			};
			name = Release;
		};
/* End XCBuildConfiguration section */

/* Begin XCConfigurationList section */
		FEBE1B90196FD85F0036948F /* Build configuration list for PBXProject "LaVentanaDelArte" */ = {
			isa = XCConfigurationList;
			buildConfigurations = (
				FEBE1BC8196FD85F0036948F /* Debug */,
				FEBE1BC9196FD85F0036948F /* Release */,
			);
			defaultConfigurationIsVisible = 0;
			defaultConfigurationName = Release;
		};
		FEBE1BCA196FD85F0036948F /* Build configuration list for PBXNativeTarget "LaVentanaDelArte" */ = {
			isa = XCConfigurationList;
			buildConfigurations = (
				FEBE1BCB196FD85F0036948F /* Debug */,
				FEBE1BCC196FD85F0036948F /* Release */,
			);
			defaultConfigurationIsVisible = 0;
			defaultConfigurationName = Release;
		};
		FEBE1BCD196FD85F0036948F /* Build configuration list for PBXNativeTarget "LaVentanaDelArteTests" */ = {
			isa = XCConfigurationList;
			buildConfigurations = (
				FEBE1BCE196FD85F0036948F /* Debug */,
				FEBE1BCF196FD85F0036948F /* Release */,
			);
			defaultConfigurationIsVisible = 0;
			defaultConfigurationName = Release;
		};
/* End XCConfigurationList section */

/* Begin XCVersionGroup section */
		FEBE1BD6196FF9900036948F /* Modelo.xcdatamodeld */ = {
			isa = XCVersionGroup;
			children = (
				FEBE1BD7196FF9900036948F /* Modelo.xcdatamodel */,
			);
			currentVersion = FEBE1BD7196FF9900036948F /* Modelo.xcdatamodel */;
			path = Modelo.xcdatamodeld;
			sourceTree = "<group>";
			versionGroupType = wrapper.xcdatamodel;
		};
/* End XCVersionGroup section */
	};
	rootObject = FEBE1B8D196FD85F0036948F /* Project object */;
}
